
Microsoft Visual Studio Solution File, Format Version 12.00
# Visual Studio Version 17
VisualStudioVersion = 17.2.32516.85
MinimumVisualStudioVersion = 10.0.40219.1
Project("{FAE04EC0-301F-11D3-BF4B-00C04F79EFBC}") = "RDToBigQueryFunction", "RDToBigQueryFunction\RDToBigQueryFunction.csproj", "{4EB5FB3A-F8B4-4F43-924F-91F50B8DE2B3}"
EndProject
Global
	GlobalSection(SolutionConfigurationPlatforms) = preSolution
		Debug|Any CPU = Debug|Any CPU
		Release|Any CPU = Release|Any CPU
	EndGlobalSection
	GlobalSection(ProjectConfigurationPlatforms) = postSolution
		{4EB5FB3A-F8B4-4F43-924F-91F50B8DE2B3}.Debug|Any CPU.ActiveCfg = Debug|Any CPU
		{4EB5FB3A-F8B4-4F43-924F-91F50B8DE2B3}.Debug|Any CPU.Build.0 = Debug|Any CPU
		{4EB5FB3A-F8B4-4F43-924F-91F50B8DE2B3}.Release|Any CPU.ActiveCfg = Release|Any CPU
		{4EB5FB3A-F8B4-4F43-924F-91F50B8DE2B3}.Release|Any CPU.Build.0 = Release|Any CPU
	EndGlobalSection
	GlobalSection(SolutionProperties) = preSolution
		HideSolutionNode = FALSE
	EndGlobalSection
	GlobalSection(ExtensibilityGlobals) = postSolution
		SolutionGuid = {5CA1E908-051C-4235-8813-7CB5D29AA0C9}
	EndGlobalSection
EndGlobal
