
Microsoft Visual Studio Solution File, Format Version 12.00
# Visual Studio Version 17
VisualStudioVersion = 17.2.32526.322
MinimumVisualStudioVersion = 10.0.40219.1
Project("{9A19103F-16F7-4668-BE54-9A1E7A4F7556}") = "RDTokenFunctionCallback", "RDTokenFunctionCallback.csproj", "{563180A6-7B44-45BB-972F-AD5DF88407B9}"
EndProject
Global
	GlobalSection(SolutionConfigurationPlatforms) = preSolution
		Debug|Any CPU = Debug|Any CPU
		Release|Any CPU = Release|Any CPU
	EndGlobalSection
	GlobalSection(ProjectConfigurationPlatforms) = postSolution
		{563180A6-7B44-45BB-972F-AD5DF88407B9}.Debug|Any CPU.ActiveCfg = Debug|Any CPU
		{563180A6-7B44-45BB-972F-AD5DF88407B9}.Debug|Any CPU.Build.0 = Debug|Any CPU
		{563180A6-7B44-45BB-972F-AD5DF88407B9}.Release|Any CPU.ActiveCfg = Release|Any CPU
		{563180A6-7B44-45BB-972F-AD5DF88407B9}.Release|Any CPU.Build.0 = Release|Any CPU
	EndGlobalSection
	GlobalSection(SolutionProperties) = preSolution
		HideSolutionNode = FALSE
	EndGlobalSection
	GlobalSection(ExtensibilityGlobals) = postSolution
		SolutionGuid = {CD6F7403-EC51-4CAB-A84B-78A52B5E3BC0}
	EndGlobalSection
EndGlobal
